
Microsoft Visual Studio Solution File, Format Version 12.00
# Visual Studio Version 16
VisualStudioVersion = 16.0.30011.22
MinimumVisualStudioVersion = 10.0.40219.1
Project("{FAE04EC0-301F-11D3-BF4B-00C04F79EFBC}") = "SlideMaster", "SlideMaster\SlideMaster.csproj", "{4E47D581-8B67-403A-B363-786165033999}"
EndProject
Project("{FAE04EC0-301F-11D3-BF4B-00C04F79EFBC}") = "WebServer", "WebServer\WebServer.csproj", "{7EDAE4D1-4C75-4187-B4FB-E99217A54A4B}"
EndProject
Project("{FAE04EC0-301F-11D3-BF4B-00C04F79EFBC}") = "TestingPowerPointControl", "TestingPowerPointControl\TestingPowerPointControl.csproj", "{0BF40D81-1DB4-4BA7-8A7A-789C61C532BD}"
EndProject
Global
	GlobalSection(SolutionConfigurationPlatforms) = preSolution
		Debug|Any CPU = Debug|Any CPU
		Release|Any CPU = Release|Any CPU
	EndGlobalSection
	GlobalSection(ProjectConfigurationPlatforms) = postSolution
		{4E47D581-8B67-403A-B363-786165033999}.Debug|Any CPU.ActiveCfg = Debug|Any CPU
		{4E47D581-8B67-403A-B363-786165033999}.Debug|Any CPU.Build.0 = Debug|Any CPU
		{4E47D581-8B67-403A-B363-786165033999}.Release|Any CPU.ActiveCfg = Release|Any CPU
		{4E47D581-8B67-403A-B363-786165033999}.Release|Any CPU.Build.0 = Release|Any CPU
		{7EDAE4D1-4C75-4187-B4FB-E99217A54A4B}.Debug|Any CPU.ActiveCfg = Debug|Any CPU
		{7EDAE4D1-4C75-4187-B4FB-E99217A54A4B}.Debug|Any CPU.Build.0 = Debug|Any CPU
		{7EDAE4D1-4C75-4187-B4FB-E99217A54A4B}.Release|Any CPU.ActiveCfg = Release|Any CPU
		{7EDAE4D1-4C75-4187-B4FB-E99217A54A4B}.Release|Any CPU.Build.0 = Release|Any CPU
		{0BF40D81-1DB4-4BA7-8A7A-789C61C532BD}.Debug|Any CPU.ActiveCfg = Debug|Any CPU
		{0BF40D81-1DB4-4BA7-8A7A-789C61C532BD}.Debug|Any CPU.Build.0 = Debug|Any CPU
		{0BF40D81-1DB4-4BA7-8A7A-789C61C532BD}.Release|Any CPU.ActiveCfg = Release|Any CPU
		{0BF40D81-1DB4-4BA7-8A7A-789C61C532BD}.Release|Any CPU.Build.0 = Release|Any CPU
	EndGlobalSection
	GlobalSection(SolutionProperties) = preSolution
		HideSolutionNode = FALSE
	EndGlobalSection
	GlobalSection(ExtensibilityGlobals) = postSolution
		SolutionGuid = {ED42FDC5-483D-4E93-8F42-A698FA68641A}
	EndGlobalSection
EndGlobal
